
Microsoft Visual Studio Solution File, Format Version 12.00
# Visual Studio 15
VisualStudioVersion = 15.0.28307.438
MinimumVisualStudioVersion = 10.0.40219.1
Project("{FAE04EC0-301F-11D3-BF4B-00C04F79EFBC}") = "ImmutableByConvention", "ImmutableByConvention\ImmutableByConvention\ImmutableByConvention.csproj", "{E180FF05-0AE6-4DAB-9ECF-F13A50203616}"
EndProject
Project("{FAE04EC0-301F-11D3-BF4B-00C04F79EFBC}") = "ImmutableByConvention.Vsix", "ImmutableByConvention\ImmutableByConvention.Vsix\ImmutableByConvention.Vsix.csproj", "{AEB83125-5A7B-4FBF-BD20-F93DEA7628A7}"
EndProject
Global
	GlobalSection(SolutionConfigurationPlatforms) = preSolution
		Debug|Any CPU = Debug|Any CPU
		Release|Any CPU = Release|Any CPU
	EndGlobalSection
	GlobalSection(ProjectConfigurationPlatforms) = postSolution
		{E180FF05-0AE6-4DAB-9ECF-F13A50203616}.Debug|Any CPU.ActiveCfg = Debug|Any CPU
		{E180FF05-0AE6-4DAB-9ECF-F13A50203616}.Debug|Any CPU.Build.0 = Debug|Any CPU
		{E180FF05-0AE6-4DAB-9ECF-F13A50203616}.Release|Any CPU.ActiveCfg = Release|Any CPU
		{E180FF05-0AE6-4DAB-9ECF-F13A50203616}.Release|Any CPU.Build.0 = Release|Any CPU
		{AEB83125-5A7B-4FBF-BD20-F93DEA7628A7}.Debug|Any CPU.ActiveCfg = Debug|Any CPU
		{AEB83125-5A7B-4FBF-BD20-F93DEA7628A7}.Debug|Any CPU.Build.0 = Debug|Any CPU
		{AEB83125-5A7B-4FBF-BD20-F93DEA7628A7}.Release|Any CPU.ActiveCfg = Release|Any CPU
		{AEB83125-5A7B-4FBF-BD20-F93DEA7628A7}.Release|Any CPU.Build.0 = Release|Any CPU
	EndGlobalSection
	GlobalSection(SolutionProperties) = preSolution
		HideSolutionNode = FALSE
	EndGlobalSection
	GlobalSection(ExtensibilityGlobals) = postSolution
		SolutionGuid = {80905FF7-709A-4FC7-AAF4-76AA4F0A7423}
	EndGlobalSection
EndGlobal
